
Microsoft Visual Studio Solution File, Format Version 12.00
# Visual Studio Version 17
VisualStudioVersion = 17.9.34622.214
MinimumVisualStudioVersion = 10.0.40219.1
Project("{13B669BE-BB05-4DDF-9536-439F39A36129}") = "PhpProjectDelta", "PhpProjectDelta.phpproj", "{A46AD16E-D353-44CA-A5BB-775DD7A9C236}"
EndProject
Global
	GlobalSection(SolutionConfigurationPlatforms) = preSolution
		Debug|Any CPU = Debug|Any CPU
		Release|Any CPU = Release|Any CPU
	EndGlobalSection
	GlobalSection(ProjectConfigurationPlatforms) = postSolution
		{A46AD16E-D353-44CA-A5BB-775DD7A9C236}.Debug|Any CPU.ActiveCfg = Debug|Any CPU
		{A46AD16E-D353-44CA-A5BB-775DD7A9C236}.Debug|Any CPU.Build.0 = Debug|Any CPU
		{A46AD16E-D353-44CA-A5BB-775DD7A9C236}.Release|Any CPU.ActiveCfg = Release|Any CPU
		{A46AD16E-D353-44CA-A5BB-775DD7A9C236}.Release|Any CPU.Build.0 = Release|Any CPU
	EndGlobalSection
	GlobalSection(SolutionProperties) = preSolution
		HideSolutionNode = FALSE
	EndGlobalSection
	GlobalSection(ExtensibilityGlobals) = postSolution
		SolutionGuid = {55DE7F9C-1373-4164-9629-35A7F15F464F}
	EndGlobalSection
EndGlobal
